{
  "name": "card-tax-tool",
  "version": "0.1.0",
  "lockfileVersion": 3,
  "requires": true,
  "packages": {
    "": {
      "name": "card-tax-tool",
      "version": "0.1.0",
      "dependencies": {
        "react": "^18.3.1",
        "react-dom": "^18.3.1",
        "next": "^14.2.3"
      },
      "devDependencies": {
        "typescript": "^5.3.3",
        "@types/node": "^20.11.0",
        "@types/react": "^18.2.48",
        "@types/react-dom": "^18.2.18",
        "autoprefixer": "^10.4.17",
        "postcss": "^8.4.33",
        "tailwindcss": "^3.4.1",
        "eslint": "^8.56.0",
        "eslint-config-next": "^14.2.3"
      }
    },
    "node_modules/@next/env": {
      "version": "14.2.3",
      "resolved": "https://registry.npmjs.org/@next/env/-/env-14.2.3.tgz",
      "integrity": "sha512-W4p4YnJfN/nSuKpEjEao3+H7qA5TfR0PNmqpP3TmC9BsW6qs5V/GYvHBCztm72F2LzvLkRCYkCVdv9yTdxp+w=="
    },
    "node_modules/@next/swc-darwin-arm64": {
      "version": "14.2.3",
      "resolved": "https://registry.npmjs.org/@next/swc-darwin-arm64/-/swc-darwin-arm64-14.2.3.tgz",
      "integrity": "sha512-QRE5dguBh63rXeKVYjRFKVkY06B2QYjRsNZ5kRZpqXDLrTmzJbWEknKmK2UiuHDlPZEJG0PFUUgzXQKV4tIHaA==",
      "cpu": [
        "arm64"
      ],
      "optional": true,
      "os": [
        "darwin"
      ]
    },
    "node_modules/@next/swc-darwin-x64": {
      "version": "14.2.3",
      "resolved": "https://registry.npmjs.org/@next/swc-darwin-x64/-/swc-darwin-x64-14.2.3.tgz",
      "integrity": "sha512-pRzTvvGPp8PYLA/r0SHzZCc+qo7+MEMPcsC5xN+/Dx4wYnhZOUEqPNhxPJFcYchm2vqR34r0ueqXJc5AmdOlDg=="
    },
    "node_modules/@next/swc-linux-arm64": {
      "version": "14.2.3",
      "resolved": "https://registry.npmjs.org/@next/swc-linux-arm64/-/swc-linux-arm64-14.2.3.tgz",
      "integrity": "sha512-3RWHGRP3e7AegZKLRqxfp3P1J8/s6O+VCVjYvX5C1xT6qTlF1c3L4L9+q8f1/IhsyiqjXhLnzlzvJOGkl3BxA=="
    },
    "node_modules/@next/swc-linux-x64": {
      "version": "14.2.3",
      "resolved": "https://registry.npmjs.org/@next/swc-linux-x64/-/swc-linux-x64-14.2.3.tgz",
      "integrity": "sha512-Ja1rI1Dh0hJo7XJHZ0Lz4qeCqXhBP/jO8wlOzEU06OVChFr1Yb59j2/QxL+nBUUvVEHtEMGKlKT/ePzO+eIug=="
    },
    "node_modules/@next/swc-win32-arm64": {
      "version": "14.2.3",
      "resolved": "https://registry.npmjs.org/@next/swc-win32-arm64/-/swc-win32-arm64-14.2.3.tgz",
      "integrity": "sha512-eFJcFI9ZF7AxqPb9/PL9siBl8v7FRjH7vNE8BwXx8zD2pXvPVlGq3FAZ/qXdWZMmKUJ8yNpRRz5LAULf+n7cGA=="
    },
    "node_modules/@next/swc-win32-x64": {
      "version": "14.2.3",
      "resolved": "https://registry.npmjs.org/@next/swc-win32-x64/-/swc-win32-x64-14.2.3.tgz",
      "integrity": "sha512-eFxKqn/YCw7KJJFqZh3m/DYxZKT/zGmDAKJELpkhxL8fHCaFJ06e0rFj6sJJUL2kHl3T8TFcqn1hqVGy7cBkwg=="
    },
    "node_modules/@types/node": {
      "version": "20.11.0",
      "resolved": "https://registry.npmjs.org/@types/node/-/node-20.11.0.tgz",
      "integrity": "sha512-o9KWFBUmKdMlqWs0S4gQ/MKbFyKwpPyPBhkm5sKsafKmJRh5+eHJEF2v/twR3jYRKJvhJo0pXPQPuXVxiLAhA==",
      "dev": true
    },
    "node_modules/@types/react": {
      "version": "18.2.48",
      "resolved": "https://registry.npmjs.org/@types/react/-/react-18.2.48.tgz",
      "integrity": "sha512-qICkD0FGMSjBUz/sBkGtXh4M7d3gNH/V0B3U9d+wDhSsZPfB+4I7N0VhKWmI7L6HYXQKJBq0QGbZYsxLsVl8g==",
      "dev": true
    },
    "node_modules/@types/react-dom": {
      "version": "18.2.18",
      "resolved": "https://registry.npmjs.org/@types/react-dom/-/react-dom-18.2.18.tgz",
      "integrity": "sha512-TJxDm6OfAX2KJWJdMEVTwWke5Xwr5c3oaxE/ygXrUfRQ8D7pbZvdlhSCafFXW4CI7drQcWseegBquGrHV4c7g==",
      "dev": true
    },
    "node_modules/autoprefixer": {
      "version": "10.4.17",
      "resolved": "https://registry.npmjs.org/autoprefixer/-/autoprefixer-10.4.17.tgz",
      "integrity": "sha512-/cpVNRaSjS9rDBmpgNzuq9GU7gWHP/go7bBcf/f7ecBtlIaWN2FreLDBxaP20cbzejpSomtukuje5wBVecjA8g==",
      "dev": true
    },
    "node_modules/caniuse-lite": {
      "version": "1.0.30001576",
      "resolved": "https://registry.npmjs.org/caniuse-lite/-/caniuse-lite-1.0.30001576.tgz",
      "integrity": "sha512-ecjHKy1YW0qvD7xXLJUNb7x8R+DyECxgdIaJh0p9cCYvT9rNMCZCGLnKDT7S3X/1S8TH9/+K0r2qeJ2HadKwQ==",
      "dev": true
    },
    "node_modules/eslint": {
      "version": "8.56.0",
      "resolved": "https://registry.npmjs.org/eslint/-/eslint-8.56.0.tgz",
      "integrity": "sha512-Go19xM6T9puCOWntie1/P997aXxWfo9KLBDeRzc1//eMh2IrdX5RvQcKkMmwQoapIA5NNgul1NeuhemsjVmKZA==",
      "dev": true
    },
    "node_modules/eslint-config-next": {
      "version": "14.2.3",
      "resolved": "https://registry.npmjs.org/eslint-config-next/-/eslint-config-next-14.2.3.tgz",
      "integrity": "sha512-sVkx2shdWF55c8OFNHzlV4mEQbJl+x3p1LMKb4L1PH9bLmKHvdVEcAVhJTQ+9ZCrLEqGqG2dH19B5/G5mZDrA==",
      "dev": true,
      "requires": {
        "eslint-plugin-react": "^7.34.1",
        "eslint-plugin-react-hooks": "^4.6.0"
      }
    },
    "node_modules/eslint-plugin-react": {
      "version": "7.34.1",
      "resolved": "https://registry.npmjs.org/eslint-plugin-react/-/eslint-plugin-react-7.34.1.tgz",
      "integrity": "sha512-N97CxauQe+jeNYaBt7Z3TFW+cHMiW+I3ZEp+2IkkJlk4g0F2XdRdJgEbFAF1aLxLvR0E/zxPfMlT8mNOo8W34g==",
      "dev": true
    },
    "node_modules/eslint-plugin-react-hooks": {
      "version": "4.6.0",
      "resolved": "https://registry.npmjs.org/eslint-plugin-react-hooks/-/eslint-plugin-react-hooks-4.6.0.tgz",
      "integrity": "sha512-oFc7Itz9Qxh2x4gNHStv3BqJq54ExXmfC+a1NjAta66IAN87Wu0R/QArgIS9qKzX3dXKPI9H5crl9QchNMY9+A==",
      "dev": true
    },
    "node_modules/next": {
      "version": "14.2.3",
      "resolved": "https://registry.npmjs.org/next/-/next-14.2.3.tgz",
      "integrity": "sha512-dowFkFTR2v6K9SkZN0xS8uAGAe5R6EgiFUa78Gk1ykXrj5N8fXbYkVJ0+3dXJi9YdPe9JNFUYe1/TGlXQrPdWQ==",
      "requires": {
        "@next/env": "14.2.3",
        "@next/swc-darwin-arm64": "14.2.3",
        "@next/swc-darwin-x64": "14.2.3",
        "@next/swc-linux-arm64": "14.2.3",
        "@next/swc-linux-x64": "14.2.3",
        "@next/swc-win32-arm64": "14.2.3",
        "@next/swc-win32-x64": "14.2.3",
        "@swc/helpers": "^0.5.5"
      }
    },
    "node_modules/@swc/helpers": {
      "version": "0.5.11",
      "resolved": "https://registry.npmjs.org/@swc/helpers/-/helpers-0.5.11.tgz",
      "integrity": "sha512-YQ/Ub3gPRDWBIYjlFlbP2P+OtxIVY5ZojMUbSrWplacWIqkyKYnUiyRrojGJdsi6I40xNePFpRfCQzNNbuQ+Mw=="
    },
    "node_modules/postcss": {
      "version": "8.4.33",
      "resolved": "https://registry.npmjs.org/postcss/-/postcss-8.4.33.tgz",
      "integrity": "sha512-KkpbwajcMozHBNtViKOwhJJeqDbyVQqAbNQDRDrb8PvwVyD6/75e7FeGJYVnqNSpDvnIktjAlVGEcQkqRvQaKA==",
      "dev": true
    },
    "node_modules/react": {
      "version": "18.3.1",
      "resolved": "https://registry.npmjs.org/react/-/react-18.3.1.tgz",
      "integrity": "sha512-wS+hAgJShR0KhBCOgl1KvdZHkLV5Cbn2sCGjoda4xQMWo8K2ZAucVAn4K17Hs1+domMGyDcFwrbMrF9MXrl+mQ=="
    },
    "node_modules/react-dom": {
      "version": "18.3.1",
      "resolved": "https://registry.npmjs.org/react-dom/-/react-dom-18.3.1.tgz",
      "integrity": "sha512-wCvjKSfqsFGMsIkPW7YxNOU6UIXixv3G7UdumRug64MW0Qnn+tGP4QHI+droPBsfw+YtNiHIQW32O8OcQMCvw=="
    },
    "node_modules/tailwindcss": {
      "version": "3.4.1",
      "resolved": "https://registry.npmjs.org/tailwindcss/-/tailwindcss-3.4.1.tgz",
      "integrity": "sha512-qEVYvr+lXc0+6D5d8bS3e0klcBLM5wssNfWQN2RVI8SGLAlu2nXvjr6P9An8etzUMmJ+ubQ4yNIyHgives7+eyQ==",
      "dev": true
    },
    "node_modules/typescript": {
      "version": "5.3.3",
      "resolved": "https://registry.npmjs.org/typescript/-/typescript-5.3.3.tgz",
      "integrity": "sha512-pMBcvLn308P8nknCapg67vol7h4T35becZzmhnbbQQc3jj72+eYyctnpIaxerxjegJ++dvqUslEsqc7ZNQ1jzIw==",
      "dev": true
    }
  }
}
